
Microsoft Visual Studio Solution File, Format Version 12.00
# Visual Studio Version 17
VisualStudioVersion = 17.0.32112.339
MinimumVisualStudioVersion = 10.0.40219.1
Project("{FAE04EC0-301F-11D3-BF4B-00C04F79EFBC}") = "ChatSocket-.Net Freamwor", "ChatSocket-.Net Freamwor\ChatSocket-.Net Freamwor.csproj", "{D3669F86-1BED-40F6-8E4E-022E04A8D771}"
EndProject
Global
	GlobalSection(SolutionConfigurationPlatforms) = preSolution
		Debug|Any CPU = Debug|Any CPU
		Release|Any CPU = Release|Any CPU
	EndGlobalSection
	GlobalSection(ProjectConfigurationPlatforms) = postSolution
		{D3669F86-1BED-40F6-8E4E-022E04A8D771}.Debug|Any CPU.ActiveCfg = Debug|Any CPU
		{D3669F86-1BED-40F6-8E4E-022E04A8D771}.Debug|Any CPU.Build.0 = Debug|Any CPU
		{D3669F86-1BED-40F6-8E4E-022E04A8D771}.Release|Any CPU.ActiveCfg = Release|Any CPU
		{D3669F86-1BED-40F6-8E4E-022E04A8D771}.Release|Any CPU.Build.0 = Release|Any CPU
	EndGlobalSection
	GlobalSection(SolutionProperties) = preSolution
		HideSolutionNode = FALSE
	EndGlobalSection
	GlobalSection(ExtensibilityGlobals) = postSolution
		SolutionGuid = {7D0309CF-5DCA-490F-ADAD-FA13858672AA}
	EndGlobalSection
EndGlobal
